
Microsoft Visual Studio Solution File, Format Version 12.00
# Visual Studio Version 17
VisualStudioVersion = 17.5.001.0
MinimumVisualStudioVersion = 10.0.40219.1
Project("{9A19103F-16F7-4668-BE54-9A1E7A4F7556}") = "TileMap-SFML-DOTNET", "TileMap-SFML-DOTNET.csproj", "{9435C6C1-FE0C-4C71-9C00-682CD0C4534A}"
EndProject
Global
	GlobalSection(SolutionConfigurationPlatforms) = preSolution
		Debug|Any CPU = Debug|Any CPU
		Release|Any CPU = Release|Any CPU
	EndGlobalSection
	GlobalSection(ProjectConfigurationPlatforms) = postSolution
		{9435C6C1-FE0C-4C71-9C00-682CD0C4534A}.Debug|Any CPU.ActiveCfg = Debug|Any CPU
		{9435C6C1-FE0C-4C71-9C00-682CD0C4534A}.Debug|Any CPU.Build.0 = Debug|Any CPU
		{9435C6C1-FE0C-4C71-9C00-682CD0C4534A}.Release|Any CPU.ActiveCfg = Release|Any CPU
		{9435C6C1-FE0C-4C71-9C00-682CD0C4534A}.Release|Any CPU.Build.0 = Release|Any CPU
	EndGlobalSection
	GlobalSection(SolutionProperties) = preSolution
		HideSolutionNode = FALSE
	EndGlobalSection
	GlobalSection(ExtensibilityGlobals) = postSolution
		SolutionGuid = {BF7CC83A-80C2-4C2B-8F65-CA2C611EE2CA}
	EndGlobalSection
EndGlobal
